<?xml version="1.0" encoding="utf-8"?>
<Project ToolsVersion="4.0" xmlns="http://schemas.microsoft.com/developer/msbuild/2003">
  <ItemGroup>
    <Filter Include="Source Files">
      <UniqueIdentifier>{319286cc-ddc0-4d23-aa8e-b3f60afc2231}</UniqueIdentifier>
      <Extensions>cpp;c;cxx;rc;def;r;odl;idl;hpj;bat</Extensions>
    </Filter>
    <Filter Include="Header Files">
      <UniqueIdentifier>{f06b72c0-edf0-4053-b3fa-dec5085348e3}</UniqueIdentifier>
      <Extensions>h;hpp;hxx;hm;inl</Extensions>
    </Filter>
  </ItemGroup>
  <ItemGroup>
    <ClCompile Include="mkpat.c">
      <Filter>Source Files</Filter>
    </ClCompile>
    <ClCompile Include="transform.c">
      <Filter>Source Files</Filter>
    </ClCompile>
  </ItemGroup>
</Project>