<?xml version="1.0" encoding="utf-8"?>
<Project ToolsVersion="4.0" xmlns="http://schemas.microsoft.com/developer/msbuild/2003">
  <ItemGroup>
    <Filter Include="Source Files">
      <UniqueIdentifier>{a89613aa-adf8-4517-a435-c150d81a667f}</UniqueIdentifier>
      <Extensions>cpp;c;cxx;rc;def;r;odl;idl;hpj;bat</Extensions>
    </Filter>
    <Filter Include="Header Files">
      <UniqueIdentifier>{ee7b069b-4c5b-4c06-a5f5-18fe116c18b6}</UniqueIdentifier>
      <Extensions>h;hpp;hxx;hm;inl</Extensions>
    </Filter>
    <Filter Include="db files">
      <UniqueIdentifier>{8e5d8360-07fe-4127-ba54-4c05e3bc24c7}</UniqueIdentifier>
      <Extensions>*.db</Extensions>
    </Filter>
    <Filter Include="db files\nobuild">
      <UniqueIdentifier>{a190929f-8de6-49bb-afcf-62993ec2971d}</UniqueIdentifier>
    </Filter>
    <Filter Include="sgf files">
      <UniqueIdentifier>{06973ecb-b003-4242-b799-c885fb7f60ed}</UniqueIdentifier>
      <Extensions>sgf</Extensions>
    </Filter>
  </ItemGroup>
  <ItemGroup>
    <ClCompile Include="aa_attackpat.c">
      <Filter>Source Files</Filter>
    </ClCompile>
    <ClCompile Include="apatterns.c">
      <Filter>Source Files</Filter>
    </ClCompile>
    <ClCompile Include="barriers.c">
      <Filter>Source Files</Filter>
    </ClCompile>
    <ClCompile Include="conn.c">
      <Filter>Source Files</Filter>
    </ClCompile>
    <ClCompile Include="connections.c">
      <Filter>Source Files</Filter>
    </ClCompile>
    <ClCompile Include="dpatterns.c">
      <Filter>Source Files</Filter>
    </ClCompile>
    <ClCompile Include="endgame.c">
      <Filter>Source Files</Filter>
    </ClCompile>
    <ClCompile Include="eyes.c">
      <Filter>Source Files</Filter>
    </ClCompile>
    <ClCompile Include="fuseki13.c">
      <Filter>Source Files</Filter>
    </ClCompile>
    <ClCompile Include="fuseki19.c">
      <Filter>Source Files</Filter>
    </ClCompile>
    <ClCompile Include="fuseki9.c">
      <Filter>Source Files</Filter>
    </ClCompile>
    <ClCompile Include="fusekipat.c">
      <Filter>Source Files</Filter>
    </ClCompile>
    <ClCompile Include="handipat.c">
      <Filter>Source Files</Filter>
    </ClCompile>
    <ClCompile Include="helpers.c">
      <Filter>Source Files</Filter>
    </ClCompile>
    <ClCompile Include="influence.c">
      <Filter>Source Files</Filter>
    </ClCompile>
    <ClCompile Include="josekidb.c">
      <Filter>Source Files</Filter>
    </ClCompile>
    <ClCompile Include="mcpat.c">
      <Filter>Source Files</Filter>
    </ClCompile>
    <ClCompile Include="owl_attackpat.c">
      <Filter>Source Files</Filter>
    </ClCompile>
    <ClCompile Include="owl_defendpat.c">
      <Filter>Source Files</Filter>
    </ClCompile>
    <ClCompile Include="owl_vital_apat.c">
      <Filter>Source Files</Filter>
    </ClCompile>
    <ClCompile Include="patterns.c">
      <Filter>Source Files</Filter>
    </ClCompile>
  </ItemGroup>
  <ItemGroup>
    <ClInclude Include="dfa.h">
      <Filter>Header Files</Filter>
    </ClInclude>
    <ClInclude Include="eyes.h">
      <Filter>Header Files</Filter>
    </ClInclude>
    <ClInclude Include="patlib.h">
      <Filter>Header Files</Filter>
    </ClInclude>
    <ClInclude Include="patterns.h">
      <Filter>Header Files</Filter>
    </ClInclude>
  </ItemGroup>
  <ItemGroup>
    <None Include="gogo.db">
      <Filter>db files\nobuild</Filter>
    </None>
    <None Include="hoshi_other.db">
      <Filter>db files\nobuild</Filter>
    </None>
    <None Include="komoku.db">
      <Filter>db files\nobuild</Filter>
    </None>
    <None Include="mc_mogo_classic.db">
      <Filter>db files\nobuild</Filter>
    </None>
    <None Include="mc_montegnu_classic.db">
      <Filter>db files\nobuild</Filter>
    </None>
    <None Include="mokuhazushi.db">
      <Filter>db files\nobuild</Filter>
    </None>
    <None Include="patterns2.db">
      <Filter>db files\nobuild</Filter>
    </None>
    <None Include="sansan.db">
      <Filter>db files\nobuild</Filter>
    </None>
    <None Include="takamoku.db">
      <Filter>db files\nobuild</Filter>
    </None>
  </ItemGroup>
  <ItemGroup>
    <CustomBuild Include="aa_attackpats.db">
      <Filter>db files</Filter>
    </CustomBuild>
    <CustomBuild Include="attack.db">
      <Filter>db files</Filter>
    </CustomBuild>
    <CustomBuild Include="barriers.db">
      <Filter>db files</Filter>
    </CustomBuild>
    <CustomBuild Include="conn.db">
      <Filter>db files</Filter>
    </CustomBuild>
    <CustomBuild Include="defense.db">
      <Filter>db files</Filter>
    </CustomBuild>
    <CustomBuild Include="endgame.db">
      <Filter>db files</Filter>
    </CustomBuild>
    <CustomBuild Include="eyes.db">
      <Filter>db files</Filter>
    </CustomBuild>
    <CustomBuild Include="fuseki.db">
      <Filter>db files</Filter>
    </CustomBuild>
    <CustomBuild Include="fuseki13.dbz">
      <Filter>db files</Filter>
    </CustomBuild>
    <CustomBuild Include="fuseki19.dbz">
      <Filter>db files</Filter>
    </CustomBuild>
    <CustomBuild Include="fuseki9.dbz">
      <Filter>db files</Filter>
    </CustomBuild>
    <CustomBuild Include="handicap.db">
      <Filter>db files</Filter>
    </CustomBuild>
    <CustomBuild Include="hoshi_keima.db">
      <Filter>db files</Filter>
    </CustomBuild>
    <CustomBuild Include="influence.db">
      <Filter>db files</Filter>
    </CustomBuild>
    <CustomBuild Include="mc_uniform.db">
      <Filter>db files</Filter>
    </CustomBuild>
    <CustomBuild Include="owl_attackpats.db">
      <Filter>db files</Filter>
    </CustomBuild>
    <CustomBuild Include="owl_defendpats.db">
      <Filter>db files</Filter>
    </CustomBuild>
    <CustomBuild Include="owl_vital_apats.db">
      <Filter>db files</Filter>
    </CustomBuild>
    <CustomBuild Include="patterns.db">
      <Filter>db files</Filter>
    </CustomBuild>
    <CustomBuild Include="gogo.sgf">
      <Filter>sgf files</Filter>
    </CustomBuild>
    <CustomBuild Include="hoshi_keima.sgf">
      <Filter>sgf files</Filter>
    </CustomBuild>
    <CustomBuild Include="hoshi_other.sgf">
      <Filter>sgf files</Filter>
    </CustomBuild>
    <CustomBuild Include="komoku.sgf">
      <Filter>sgf files</Filter>
    </CustomBuild>
    <CustomBuild Include="mokuhazushi.sgf">
      <Filter>sgf files</Filter>
    </CustomBuild>
    <CustomBuild Include="sansan.sgf">
      <Filter>sgf files</Filter>
    </CustomBuild>
    <CustomBuild Include="takamoku.sgf">
      <Filter>sgf files</Filter>
    </CustomBuild>
  </ItemGroup>
</Project>