
Microsoft Visual Studio Solution File, Format Version 12.00
# Visual Studio 17
VisualStudioVersion = 15.2
MinimumVisualStudioVersion = 10.0.40219.1
Project("{8BC9CEB8-8B4A-11D0-8D11-00A0C91BC942}") = "board", "engine\board.vcxproj", "{8024D928-0435-46C1-B540-02E6984C884A}"
EndProject
Project("{8BC9CEB8-8B4A-11D0-8D11-00A0C91BC942}") = "dfa", "patterns\dfa.vcxproj", "{F8E78FAE-6875-4ADC-99A8-62B50F9558BE}"
EndProject
Project("{8BC9CEB8-8B4A-11D0-8D11-00A0C91BC942}") = "engine", "engine\engine.vcxproj", "{92F1A9E4-A586-489F-BA8D-F34EADDB887E}"
EndProject
Project("{8BC9CEB8-8B4A-11D0-8D11-00A0C91BC942}") = "fuseki", "patterns\fuseki.vcxproj", "{57029CBB-8C98-4B43-B9E2-25CD4E37F585}"
EndProject
Project("{8BC9CEB8-8B4A-11D0-8D11-00A0C91BC942}") = "gnugo", "interface\gnugo.vcxproj", "{43DF6442-527B-491B-A373-A04946CCA093}"
EndProject
Project("{8BC9CEB8-8B4A-11D0-8D11-00A0C91BC942}") = "joseki", "patterns\joseki.vcxproj", "{27D6FEE0-CC3C-47E9-8D5A-4AF9D1073BC5}"
EndProject
Project("{8BC9CEB8-8B4A-11D0-8D11-00A0C91BC942}") = "mkeyes", "patterns\mkeyes.vcxproj", "{9CEA050E-AB5D-4848-ABE4-E243D87F382D}"
EndProject
Project("{8BC9CEB8-8B4A-11D0-8D11-00A0C91BC942}") = "mkmcpat", "patterns\mkmcpat.vcxproj", "{FA53EA79-4A0C-42C2-810A-C80803449FDC}"
EndProject
Project("{8BC9CEB8-8B4A-11D0-8D11-00A0C91BC942}") = "mkpat", "patterns\mkpat.vcxproj", "{4D861ADA-38C4-466A-85E2-5C7D3814D353}"
EndProject
Project("{8BC9CEB8-8B4A-11D0-8D11-00A0C91BC942}") = "patterns", "patterns\patterns.vcxproj", "{F79144F7-0BBC-4550-A176-D775A4A45FC8}"
EndProject
Project("{8BC9CEB8-8B4A-11D0-8D11-00A0C91BC942}") = "sgf", "sgf\sgf.vcxproj", "{0F4C4F80-F6AD-431D-A30A-C24B7F196DBD}"
EndProject
Project("{8BC9CEB8-8B4A-11D0-8D11-00A0C91BC942}") = "sgfgen", "sgf\sgfgen.vcxproj", "{9409C039-D1FB-4659-B5E4-9112F5C2AC7A}"
EndProject
Project("{8BC9CEB8-8B4A-11D0-8D11-00A0C91BC942}") = "uncompress_fuseki", "patterns\uncompress_fuseki.vcxproj", "{CDF4F6D5-16FB-4DCC-AF52-5450C54C3442}"
EndProject
Project("{8BC9CEB8-8B4A-11D0-8D11-00A0C91BC942}") = "utils", "utils\utils.vcxproj", "{BA9D23BF-9BF7-4A14-BCAE-64728DD9525C}"
EndProject
Global
	GlobalSection(SolutionConfigurationPlatforms) = preSolution
		Debug|Win32 = Debug|Win32
		Release|Win32 = Release|Win32
	EndGlobalSection
	GlobalSection(ProjectConfigurationPlatforms) = postSolution
		{8024D928-0435-46C1-B540-02E6984C884A}.Debug|Win32.ActiveCfg = Debug|Win32
		{8024D928-0435-46C1-B540-02E6984C884A}.Debug|Win32.Build.0 = Debug|Win32
		{8024D928-0435-46C1-B540-02E6984C884A}.Release|Win32.ActiveCfg = Release|Win32
		{8024D928-0435-46C1-B540-02E6984C884A}.Release|Win32.Build.0 = Release|Win32
		{F8E78FAE-6875-4ADC-99A8-62B50F9558BE}.Debug|Win32.ActiveCfg = Debug|Win32
		{F8E78FAE-6875-4ADC-99A8-62B50F9558BE}.Debug|Win32.Build.0 = Debug|Win32
		{F8E78FAE-6875-4ADC-99A8-62B50F9558BE}.Release|Win32.ActiveCfg = Release|Win32
		{F8E78FAE-6875-4ADC-99A8-62B50F9558BE}.Release|Win32.Build.0 = Release|Win32
		{92F1A9E4-A586-489F-BA8D-F34EADDB887E}.Debug|Win32.ActiveCfg = Debug|Win32
		{92F1A9E4-A586-489F-BA8D-F34EADDB887E}.Debug|Win32.Build.0 = Debug|Win32
		{92F1A9E4-A586-489F-BA8D-F34EADDB887E}.Release|Win32.ActiveCfg = Release|Win32
		{92F1A9E4-A586-489F-BA8D-F34EADDB887E}.Release|Win32.Build.0 = Release|Win32
		{57029CBB-8C98-4B43-B9E2-25CD4E37F585}.Debug|Win32.ActiveCfg = Debug|Win32
		{57029CBB-8C98-4B43-B9E2-25CD4E37F585}.Debug|Win32.Build.0 = Debug|Win32
		{57029CBB-8C98-4B43-B9E2-25CD4E37F585}.Release|Win32.ActiveCfg = Release|Win32
		{57029CBB-8C98-4B43-B9E2-25CD4E37F585}.Release|Win32.Build.0 = Release|Win32
		{43DF6442-527B-491B-A373-A04946CCA093}.Debug|Win32.ActiveCfg = Debug|Win32
		{43DF6442-527B-491B-A373-A04946CCA093}.Debug|Win32.Build.0 = Debug|Win32
		{43DF6442-527B-491B-A373-A04946CCA093}.Release|Win32.ActiveCfg = Release|Win32
		{43DF6442-527B-491B-A373-A04946CCA093}.Release|Win32.Build.0 = Release|Win32
		{27D6FEE0-CC3C-47E9-8D5A-4AF9D1073BC5}.Debug|Win32.ActiveCfg = Debug|Win32
		{27D6FEE0-CC3C-47E9-8D5A-4AF9D1073BC5}.Debug|Win32.Build.0 = Debug|Win32
		{27D6FEE0-CC3C-47E9-8D5A-4AF9D1073BC5}.Release|Win32.ActiveCfg = Release|Win32
		{27D6FEE0-CC3C-47E9-8D5A-4AF9D1073BC5}.Release|Win32.Build.0 = Release|Win32
		{9CEA050E-AB5D-4848-ABE4-E243D87F382D}.Debug|Win32.ActiveCfg = Debug|Win32
		{9CEA050E-AB5D-4848-ABE4-E243D87F382D}.Debug|Win32.Build.0 = Debug|Win32
		{9CEA050E-AB5D-4848-ABE4-E243D87F382D}.Release|Win32.ActiveCfg = Release|Win32
		{9CEA050E-AB5D-4848-ABE4-E243D87F382D}.Release|Win32.Build.0 = Release|Win32
		{FA53EA79-4A0C-42C2-810A-C80803449FDC}.Debug|Win32.ActiveCfg = Debug|Win32
		{FA53EA79-4A0C-42C2-810A-C80803449FDC}.Debug|Win32.Build.0 = Debug|Win32
		{FA53EA79-4A0C-42C2-810A-C80803449FDC}.Release|Win32.ActiveCfg = Release|Win32
		{FA53EA79-4A0C-42C2-810A-C80803449FDC}.Release|Win32.Build.0 = Release|Win32
		{4D861ADA-38C4-466A-85E2-5C7D3814D353}.Debug|Win32.ActiveCfg = Debug|Win32
		{4D861ADA-38C4-466A-85E2-5C7D3814D353}.Debug|Win32.Build.0 = Debug|Win32
		{4D861ADA-38C4-466A-85E2-5C7D3814D353}.Release|Win32.ActiveCfg = Release|Win32
		{4D861ADA-38C4-466A-85E2-5C7D3814D353}.Release|Win32.Build.0 = Release|Win32
		{F79144F7-0BBC-4550-A176-D775A4A45FC8}.Debug|Win32.ActiveCfg = Debug|Win32
		{F79144F7-0BBC-4550-A176-D775A4A45FC8}.Debug|Win32.Build.0 = Debug|Win32
		{F79144F7-0BBC-4550-A176-D775A4A45FC8}.Release|Win32.ActiveCfg = Release|Win32
		{F79144F7-0BBC-4550-A176-D775A4A45FC8}.Release|Win32.Build.0 = Release|Win32
		{0F4C4F80-F6AD-431D-A30A-C24B7F196DBD}.Debug|Win32.ActiveCfg = Debug|Win32
		{0F4C4F80-F6AD-431D-A30A-C24B7F196DBD}.Debug|Win32.Build.0 = Debug|Win32
		{0F4C4F80-F6AD-431D-A30A-C24B7F196DBD}.Release|Win32.ActiveCfg = Release|Win32
		{0F4C4F80-F6AD-431D-A30A-C24B7F196DBD}.Release|Win32.Build.0 = Release|Win32
		{9409C039-D1FB-4659-B5E4-9112F5C2AC7A}.Debug|Win32.ActiveCfg = Debug|Win32
		{9409C039-D1FB-4659-B5E4-9112F5C2AC7A}.Debug|Win32.Build.0 = Debug|Win32
		{9409C039-D1FB-4659-B5E4-9112F5C2AC7A}.Release|Win32.ActiveCfg = Release|Win32
		{9409C039-D1FB-4659-B5E4-9112F5C2AC7A}.Release|Win32.Build.0 = Release|Win32
		{CDF4F6D5-16FB-4DCC-AF52-5450C54C3442}.Debug|Win32.ActiveCfg = Debug|Win32
		{CDF4F6D5-16FB-4DCC-AF52-5450C54C3442}.Debug|Win32.Build.0 = Debug|Win32
		{CDF4F6D5-16FB-4DCC-AF52-5450C54C3442}.Release|Win32.ActiveCfg = Release|Win32
		{CDF4F6D5-16FB-4DCC-AF52-5450C54C3442}.Release|Win32.Build.0 = Release|Win32
		{BA9D23BF-9BF7-4A14-BCAE-64728DD9525C}.Debug|Win32.ActiveCfg = Debug|Win32
		{BA9D23BF-9BF7-4A14-BCAE-64728DD9525C}.Debug|Win32.Build.0 = Debug|Win32
		{BA9D23BF-9BF7-4A14-BCAE-64728DD9525C}.Release|Win32.ActiveCfg = Release|Win32
		{BA9D23BF-9BF7-4A14-BCAE-64728DD9525C}.Release|Win32.Build.0 = Release|Win32
	EndGlobalSection
	GlobalSection(SolutionProperties) = preSolution
		HideSolutionNode = FALSE
	EndGlobalSection
EndGlobal
