<?xml version="1.0" encoding="utf-8"?>
<Project ToolsVersion="4.0" xmlns="http://schemas.microsoft.com/developer/msbuild/2003">
  <ItemGroup>
    <Filter Include="Source Files">
      <UniqueIdentifier>{c768eb44-ee54-4f88-a91f-969e0beb76cb}</UniqueIdentifier>
      <Extensions>cpp;c;cxx;rc;def;r;odl;idl;hpj;bat</Extensions>
    </Filter>
    <Filter Include="Header Files">
      <UniqueIdentifier>{972d34b3-00d7-45a9-9b15-a6c73ba0ca3c}</UniqueIdentifier>
      <Extensions>h;hpp;hxx;hm;inl</Extensions>
    </Filter>
  </ItemGroup>
  <ItemGroup>
    <ClCompile Include="sgf_utils.c">
      <Filter>Source Files</Filter>
    </ClCompile>
    <ClCompile Include="sgfnode.c">
      <Filter>Source Files</Filter>
    </ClCompile>
    <ClCompile Include="sgftree.c">
      <Filter>Source Files</Filter>
    </ClCompile>
  </ItemGroup>
  <ItemGroup>
    <ClInclude Include="sgf_properties.h">
      <Filter>Header Files</Filter>
    </ClInclude>
    <ClInclude Include="sgf_utils.h">
      <Filter>Header Files</Filter>
    </ClInclude>
    <ClInclude Include="sgftree.h">
      <Filter>Header Files</Filter>
    </ClInclude>
  </ItemGroup>
</Project>